
Microsoft Visual Studio Solution File, Format Version 12.00
# Visual Studio Version 16
VisualStudioVersion = 16.0.33214.272
MinimumVisualStudioVersion = 10.0.40219.1
Project("{FAE04EC0-301F-11D3-BF4B-00C04F79EFBC}") = "Dynacoop2023.AlfaPeople.ConsoleApplication", "Dynacoop2023.AlfaPeople.ConsoleApplication\Dynacoop2023.AlfaPeople.ConsoleApplication.csproj", "{FCE83EF5-B140-4600-8083-5CF408BCE693}"
EndProject
Global
	GlobalSection(SolutionConfigurationPlatforms) = preSolution
		Debug|Any CPU = Debug|Any CPU
		Release|Any CPU = Release|Any CPU
	EndGlobalSection
	GlobalSection(ProjectConfigurationPlatforms) = postSolution
		{FCE83EF5-B140-4600-8083-5CF408BCE693}.Debug|Any CPU.ActiveCfg = Debug|Any CPU
		{FCE83EF5-B140-4600-8083-5CF408BCE693}.Debug|Any CPU.Build.0 = Debug|Any CPU
		{FCE83EF5-B140-4600-8083-5CF408BCE693}.Release|Any CPU.ActiveCfg = Release|Any CPU
		{FCE83EF5-B140-4600-8083-5CF408BCE693}.Release|Any CPU.Build.0 = Release|Any CPU
	EndGlobalSection
	GlobalSection(SolutionProperties) = preSolution
		HideSolutionNode = FALSE
	EndGlobalSection
	GlobalSection(ExtensibilityGlobals) = postSolution
		SolutionGuid = {233DEAD9-C4CC-45C4-9707-133C407C12AC}
	EndGlobalSection
EndGlobal
